
Microsoft Visual Studio Solution File, Format Version 12.00
# Visual Studio Version 16
VisualStudioVersion = 16.0.30309.148
MinimumVisualStudioVersion = 10.0.40219.1
Project("{FAE04EC0-301F-11D3-BF4B-00C04F79EFBC}") = "oAuthDemo", "oAuthDemo\oAuthDemo.csproj", "{3F197E06-33CD-48E4-A4AD-0AFD31E76EEC}"
EndProject
Global
	GlobalSection(SolutionConfigurationPlatforms) = preSolution
		Debug|Any CPU = Debug|Any CPU
		Release|Any CPU = Release|Any CPU
	EndGlobalSection
	GlobalSection(ProjectConfigurationPlatforms) = postSolution
		{3F197E06-33CD-48E4-A4AD-0AFD31E76EEC}.Debug|Any CPU.ActiveCfg = Debug|Any CPU
		{3F197E06-33CD-48E4-A4AD-0AFD31E76EEC}.Debug|Any CPU.Build.0 = Debug|Any CPU
		{3F197E06-33CD-48E4-A4AD-0AFD31E76EEC}.Release|Any CPU.ActiveCfg = Release|Any CPU
		{3F197E06-33CD-48E4-A4AD-0AFD31E76EEC}.Release|Any CPU.Build.0 = Release|Any CPU
	EndGlobalSection
	GlobalSection(SolutionProperties) = preSolution
		HideSolutionNode = FALSE
	EndGlobalSection
	GlobalSection(ExtensibilityGlobals) = postSolution
		SolutionGuid = {C8D3C6CF-8356-4542-9230-1CF7D8CEE54A}
	EndGlobalSection
EndGlobal
